{
  "name": "energy-place",
  "version": "1.0.0",
  "lockfileVersion": 1,
  "requires": true,
  "dependencies": {
    "svg-to-canvas": {
      "version": "1.0.1",
      "resolved": "https://registry.npmjs.org/svg-to-canvas/-/svg-to-canvas-1.0.1.tgz",
      "integrity": "sha512-b5U1vDnb9H5DrJvontzW9p4SgJTYk+FgcUDDJSZnqtypIermVfrdoB8WbuSeMykZCrDrAH1gBQhDzZMMbsyM1g=="
    }
  }
}
